// !$*UTF8*$!
{
	archiveVersion = 1;
	classes = {
	};
	objectVersion = 46;
	objects = {

/* Begin PBXBuildFile section */
		B6158E6E17E0894A0047A30F /* TweetsCDTVC.m in Sources */ = {isa = PBXBuildFile; fileRef = B6158E6D17E0894A0047A30F /* TweetsCDTVC.m */; };
		B617452617F07FDE00DB038C /* TweetCreatorViewController.m in Sources */ = {isa = PBXBuildFile; fileRef = B617452517F07FDE00DB038C /* TweetCreatorViewController.m */; };
		B625C79517E754B6007775F2 /* SystemConfiguration.framework in Frameworks */ = {isa = PBXBuildFile; fileRef = B625C79417E754B6007775F2 /* SystemConfiguration.framework */; };
		B625C79F17E756BA007775F2 /* FHSTwitterEngine.m in Sources */ = {isa = PBXBuildFile; fileRef = B625C79E17E756BA007775F2 /* FHSTwitterEngine.m */; };
		B625C7D917E9E4F8007775F2 /* ThreadManager.m in Sources */ = {isa = PBXBuildFile; fileRef = B625C7D817E9E4F7007775F2 /* ThreadManager.m */; };
		B62A8A9217F30A9400117751 /* ProfileTVC.m in Sources */ = {isa = PBXBuildFile; fileRef = B62A8A9017F30A5800117751 /* ProfileTVC.m */; };
		B62A8A9317F30AA300117751 /* UsersCDTVC.m in Sources */ = {isa = PBXBuildFile; fileRef = B62A8A8C17F30A3E00117751 /* UsersCDTVC.m */; };
		B62A8A9C17F313F900117751 /* UserProfileManager.m in Sources */ = {isa = PBXBuildFile; fileRef = B62A8A9B17F313F900117751 /* UserProfileManager.m */; };
		B66D2B9B17EAF22D0097A64E /* SingleTweetViewController.m in Sources */ = {isa = PBXBuildFile; fileRef = B66D2B9A17EAF22D0097A64E /* SingleTweetViewController.m */; };
		B66D2B9E17EAFA2B0097A64E /* Util.m in Sources */ = {isa = PBXBuildFile; fileRef = B66D2B9D17EAFA2B0097A64E /* Util.m */; };
		B67C92C3180442020023A0AB /* LoginViewController.m in Sources */ = {isa = PBXBuildFile; fileRef = B67C92C2180442020023A0AB /* LoginViewController.m */; };
		B67C92C518044F980023A0AB /* splash.png in Resources */ = {isa = PBXBuildFile; fileRef = B67C92C418044F980023A0AB /* splash.png */; };
		B67C92C7180490620023A0AB /* appIcon.png in Resources */ = {isa = PBXBuildFile; fileRef = B67C92C6180490620023A0AB /* appIcon.png */; };
		B67C92D018049A4E0023A0AB /* NSDate+NVTimeAgo.m in Sources */ = {isa = PBXBuildFile; fileRef = B67C92CF18049A4E0023A0AB /* NSDate+NVTimeAgo.m */; };
		B683D62B17F4D2C700156C6A /* icon_home.png in Resources */ = {isa = PBXBuildFile; fileRef = B683D62A17F4D2C700156C6A /* icon_home.png */; };
		B683D62D17F4D37E00156C6A /* profile_icon.png in Resources */ = {isa = PBXBuildFile; fileRef = B683D62C17F4D37E00156C6A /* profile_icon.png */; };
		B683D62F17F4D5AB00156C6A /* compose_icon.png in Resources */ = {isa = PBXBuildFile; fileRef = B683D62E17F4D5AB00156C6A /* compose_icon.png */; };
		B683D63117F5745A00156C6A /* default-avatar.png in Resources */ = {isa = PBXBuildFile; fileRef = B683D63017F5745A00156C6A /* default-avatar.png */; };
		B683D63317F5752D00156C6A /* default-wall.jpg in Resources */ = {isa = PBXBuildFile; fileRef = B683D63217F5752D00156C6A /* default-wall.jpg */; };
		B68D679217E04E710087CD1A /* TweetsAppDelegate.xcdatamodeld in Sources */ = {isa = PBXBuildFile; fileRef = B68D679017E04E710087CD1A /* TweetsAppDelegate.xcdatamodeld */; };
		B68D67A217E053270087CD1A /* Tweet+create.m in Sources */ = {isa = PBXBuildFile; fileRef = B68D67A117E053270087CD1A /* Tweet+create.m */; };
		B68D67A717E05B790087CD1A /* User+Create.m in Sources */ = {isa = PBXBuildFile; fileRef = B68D67A617E05B790087CD1A /* User+Create.m */; };
		B68D67AA17E05EA50087CD1A /* CoreDataTableViewController.m in Sources */ = {isa = PBXBuildFile; fileRef = B68D67A917E05EA50087CD1A /* CoreDataTableViewController.m */; };
		B68D67AB17E065E70087CD1A /* CoreData.framework in Frameworks */ = {isa = PBXBuildFile; fileRef = B68D67A317E054D00087CD1A /* CoreData.framework */; };
		B69F1BBF17DBA3B700C81DB9 /* UIKit.framework in Frameworks */ = {isa = PBXBuildFile; fileRef = B69F1BBE17DBA3B700C81DB9 /* UIKit.framework */; };
		B69F1BC117DBA3B700C81DB9 /* Foundation.framework in Frameworks */ = {isa = PBXBuildFile; fileRef = B69F1BC017DBA3B700C81DB9 /* Foundation.framework */; };
		B69F1BC317DBA3B700C81DB9 /* CoreGraphics.framework in Frameworks */ = {isa = PBXBuildFile; fileRef = B69F1BC217DBA3B700C81DB9 /* CoreGraphics.framework */; };
		B69F1BC917DBA3B700C81DB9 /* InfoPlist.strings in Resources */ = {isa = PBXBuildFile; fileRef = B69F1BC717DBA3B700C81DB9 /* InfoPlist.strings */; };
		B69F1BCB17DBA3B700C81DB9 /* main.m in Sources */ = {isa = PBXBuildFile; fileRef = B69F1BCA17DBA3B700C81DB9 /* main.m */; };
		B69F1BCF17DBA3B700C81DB9 /* TweetsAppDelegate.m in Sources */ = {isa = PBXBuildFile; fileRef = B69F1BCE17DBA3B700C81DB9 /* TweetsAppDelegate.m */; };
		B69F1BD117DBA3B700C81DB9 /* Default.png in Resources */ = {isa = PBXBuildFile; fileRef = B69F1BD017DBA3B700C81DB9 /* Default.png */; };
		B69F1BD317DBA3B700C81DB9 /* Default@2x.png in Resources */ = {isa = PBXBuildFile; fileRef = B69F1BD217DBA3B700C81DB9 /* Default@2x.png */; };
		B69F1BD517DBA3B700C81DB9 /* Default-568h@2x.png in Resources */ = {isa = PBXBuildFile; fileRef = B69F1BD417DBA3B700C81DB9 /* Default-568h@2x.png */; };
		B69F1BD817DBA3B700C81DB9 /* MainStoryboard.storyboard in Resources */ = {isa = PBXBuildFile; fileRef = B69F1BD617DBA3B700C81DB9 /* MainStoryboard.storyboard */; };
		B69F1BE617DBA67100C81DB9 /* Social.framework in Frameworks */ = {isa = PBXBuildFile; fileRef = B69F1BE517DBA67100C81DB9 /* Social.framework */; };
		B69F1BE817DBA67F00C81DB9 /* Accounts.framework in Frameworks */ = {isa = PBXBuildFile; fileRef = B69F1BE717DBA67F00C81DB9 /* Accounts.framework */; };
		B69F1BF017DC9E4300C81DB9 /* TweetsCell.m in Sources */ = {isa = PBXBuildFile; fileRef = B69F1BEF17DC9E4300C81DB9 /* TweetsCell.m */; };
		B6DA34711803FB5000AEB9BF /* Tweet.m in Sources */ = {isa = PBXBuildFile; fileRef = B6DA34701803FB5000AEB9BF /* Tweet.m */; };
		B6DA34741803FB5000AEB9BF /* User.m in Sources */ = {isa = PBXBuildFile; fileRef = B6DA34731803FB5000AEB9BF /* User.m */; };
		B6EE877C180325030006684A /* ApiInterface.m in Sources */ = {isa = PBXBuildFile; fileRef = B6EE877B180325030006684A /* ApiInterface.m */; };
		B6EE8781180327060006684A /* TweetObject.m in Sources */ = {isa = PBXBuildFile; fileRef = B6EE8780180327060006684A /* TweetObject.m */; };
		B6EE8784180327B10006684A /* UserObject.m in Sources */ = {isa = PBXBuildFile; fileRef = B6EE8783180327B10006684A /* UserObject.m */; };
		B6EE9DBD17E3001300D3F287 /* SelfTweetsCDTVC.m in Sources */ = {isa = PBXBuildFile; fileRef = B6EE9DBC17E3001300D3F287 /* SelfTweetsCDTVC.m */; };
		B6EE9DC017E30ACD00D3F287 /* HomeTweetsCDTVC.m in Sources */ = {isa = PBXBuildFile; fileRef = B6EE9DBF17E30ACD00D3F287 /* HomeTweetsCDTVC.m */; };
		B6EE9DC417E314AF00D3F287 /* TweetCell.xib in Resources */ = {isa = PBXBuildFile; fileRef = B6EE9DC317E314AF00D3F287 /* TweetCell.xib */; };
		B6FD5CC917FD54AA00809500 /* ApiManager.m in Sources */ = {isa = PBXBuildFile; fileRef = B6FD5CC817FD54AA00809500 /* ApiManager.m */; };
		B6FD5CDE17FD5A0200809500 /* AFHTTPRequestOperation.m in Sources */ = {isa = PBXBuildFile; fileRef = B6FD5CCC17FD5A0200809500 /* AFHTTPRequestOperation.m */; };
		B6FD5CDF17FD5A0200809500 /* AFHTTPRequestOperationManager.m in Sources */ = {isa = PBXBuildFile; fileRef = B6FD5CCE17FD5A0200809500 /* AFHTTPRequestOperationManager.m */; };
		B6FD5CE017FD5A0200809500 /* AFHTTPSessionManager.m in Sources */ = {isa = PBXBuildFile; fileRef = B6FD5CD017FD5A0200809500 /* AFHTTPSessionManager.m */; };
		B6FD5CE117FD5A0200809500 /* AFNetworkReachabilityManager.m in Sources */ = {isa = PBXBuildFile; fileRef = B6FD5CD317FD5A0200809500 /* AFNetworkReachabilityManager.m */; };
		B6FD5CE217FD5A0200809500 /* AFSecurityPolicy.m in Sources */ = {isa = PBXBuildFile; fileRef = B6FD5CD517FD5A0200809500 /* AFSecurityPolicy.m */; };
		B6FD5CE317FD5A0200809500 /* AFURLConnectionOperation.m in Sources */ = {isa = PBXBuildFile; fileRef = B6FD5CD717FD5A0200809500 /* AFURLConnectionOperation.m */; };
		B6FD5CE417FD5A0200809500 /* AFURLRequestSerialization.m in Sources */ = {isa = PBXBuildFile; fileRef = B6FD5CD917FD5A0200809500 /* AFURLRequestSerialization.m */; };
		B6FD5CE517FD5A0200809500 /* AFURLResponseSerialization.m in Sources */ = {isa = PBXBuildFile; fileRef = B6FD5CDB17FD5A0200809500 /* AFURLResponseSerialization.m */; };
		B6FD5CE617FD5A0200809500 /* AFURLSessionManager.m in Sources */ = {isa = PBXBuildFile; fileRef = B6FD5CDD17FD5A0200809500 /* AFURLSessionManager.m */; };
		B6FD5CE817FD76D200809500 /* Security.framework in Frameworks */ = {isa = PBXBuildFile; fileRef = B6FD5CE717FD76D200809500 /* Security.framework */; };
		B6FD5CEA17FD76F300809500 /* MobileCoreServices.framework in Frameworks */ = {isa = PBXBuildFile; fileRef = B6FD5CE917FD76F300809500 /* MobileCoreServices.framework */; };
/* End PBXBuildFile section */

/* Begin PBXFileReference section */
		B6158E6C17E0894A0047A30F /* TweetsCDTVC.h */ = {isa = PBXFileReference; fileEncoding = 4; lastKnownFileType = sourcecode.c.h; lineEnding = 0; path = TweetsCDTVC.h; sourceTree = "<group>"; xcLanguageSpecificationIdentifier = xcode.lang.objcpp; };
		B6158E6D17E0894A0047A30F /* TweetsCDTVC.m */ = {isa = PBXFileReference; fileEncoding = 4; lastKnownFileType = sourcecode.c.objc; lineEnding = 0; path = TweetsCDTVC.m; sourceTree = "<group>"; xcLanguageSpecificationIdentifier = xcode.lang.objc; };
		B617452417F07FDE00DB038C /* TweetCreatorViewController.h */ = {isa = PBXFileReference; fileEncoding = 4; lastKnownFileType = sourcecode.c.h; path = TweetCreatorViewController.h; sourceTree = "<group>"; };
		B617452517F07FDE00DB038C /* TweetCreatorViewController.m */ = {isa = PBXFileReference; fileEncoding = 4; lastKnownFileType = sourcecode.c.objc; path = TweetCreatorViewController.m; sourceTree = "<group>"; };
		B625C79417E754B6007775F2 /* SystemConfiguration.framework */ = {isa = PBXFileReference; lastKnownFileType = wrapper.framework; name = SystemConfiguration.framework; path = System/Library/Frameworks/SystemConfiguration.framework; sourceTree = SDKROOT; };
		B625C79D17E756BA007775F2 /* FHSTwitterEngine.h */ = {isa = PBXFileReference; fileEncoding = 4; lastKnownFileType = sourcecode.c.h; path = FHSTwitterEngine.h; sourceTree = "<group>"; };
		B625C79E17E756BA007775F2 /* FHSTwitterEngine.m */ = {isa = PBXFileReference; fileEncoding = 4; lastKnownFileType = sourcecode.c.objc; path = FHSTwitterEngine.m; sourceTree = "<group>"; };
		B625C7D717E9E4F6007775F2 /* ThreadManager.h */ = {isa = PBXFileReference; fileEncoding = 4; lastKnownFileType = sourcecode.c.h; lineEnding = 0; path = ThreadManager.h; sourceTree = "<group>"; xcLanguageSpecificationIdentifier = xcode.lang.objcpp; };
		B625C7D817E9E4F7007775F2 /* ThreadManager.m */ = {isa = PBXFileReference; fileEncoding = 4; lastKnownFileType = sourcecode.c.objc; path = ThreadManager.m; sourceTree = "<group>"; };
		B62A8A8B17F30A3E00117751 /* UsersCDTVC.h */ = {isa = PBXFileReference; lastKnownFileType = sourcecode.c.h; path = UsersCDTVC.h; sourceTree = "<group>"; };
		B62A8A8C17F30A3E00117751 /* UsersCDTVC.m */ = {isa = PBXFileReference; lastKnownFileType = sourcecode.c.objc; path = UsersCDTVC.m; sourceTree = "<group>"; };
		B62A8A8F17F30A5800117751 /* ProfileTVC.h */ = {isa = PBXFileReference; lastKnownFileType = sourcecode.c.h; path = ProfileTVC.h; sourceTree = "<group>"; };
		B62A8A9017F30A5800117751 /* ProfileTVC.m */ = {isa = PBXFileReference; lastKnownFileType = sourcecode.c.objc; path = ProfileTVC.m; sourceTree = "<group>"; };
		B62A8A9A17F313F900117751 /* UserProfileManager.h */ = {isa = PBXFileReference; fileEncoding = 4; lastKnownFileType = sourcecode.c.h; path = UserProfileManager.h; sourceTree = "<group>"; };
		B62A8A9B17F313F900117751 /* UserProfileManager.m */ = {isa = PBXFileReference; fileEncoding = 4; lastKnownFileType = sourcecode.c.objc; path = UserProfileManager.m; sourceTree = "<group>"; };
		B66D2B9917EAF22D0097A64E /* SingleTweetViewController.h */ = {isa = PBXFileReference; fileEncoding = 4; lastKnownFileType = sourcecode.c.h; path = SingleTweetViewController.h; sourceTree = "<group>"; };
		B66D2B9A17EAF22D0097A64E /* SingleTweetViewController.m */ = {isa = PBXFileReference; fileEncoding = 4; lastKnownFileType = sourcecode.c.objc; path = SingleTweetViewController.m; sourceTree = "<group>"; };
		B66D2B9C17EAFA2B0097A64E /* Util.h */ = {isa = PBXFileReference; fileEncoding = 4; lastKnownFileType = sourcecode.c.h; name = Util.h; path = views/Util.h; sourceTree = "<group>"; };
		B66D2B9D17EAFA2B0097A64E /* Util.m */ = {isa = PBXFileReference; fileEncoding = 4; lastKnownFileType = sourcecode.c.objc; name = Util.m; path = views/Util.m; sourceTree = "<group>"; };
		B67C92C1180442020023A0AB /* LoginViewController.h */ = {isa = PBXFileReference; fileEncoding = 4; lastKnownFileType = sourcecode.c.h; path = LoginViewController.h; sourceTree = "<group>"; };
		B67C92C2180442020023A0AB /* LoginViewController.m */ = {isa = PBXFileReference; fileEncoding = 4; lastKnownFileType = sourcecode.c.objc; path = LoginViewController.m; sourceTree = "<group>"; };
		B67C92C418044F980023A0AB /* splash.png */ = {isa = PBXFileReference; lastKnownFileType = image.png; path = splash.png; sourceTree = "<group>"; };
		B67C92C6180490620023A0AB /* appIcon.png */ = {isa = PBXFileReference; lastKnownFileType = image.png; path = appIcon.png; sourceTree = "<group>"; };
		B67C92CE18049A4E0023A0AB /* NSDate+NVTimeAgo.h */ = {isa = PBXFileReference; fileEncoding = 4; lastKnownFileType = sourcecode.c.h; name = "NSDate+NVTimeAgo.h"; path = "Model/NSDate+NVTimeAgo.h"; sourceTree = "<group>"; };
		B67C92CF18049A4E0023A0AB /* NSDate+NVTimeAgo.m */ = {isa = PBXFileReference; fileEncoding = 4; lastKnownFileType = sourcecode.c.objc; name = "NSDate+NVTimeAgo.m"; path = "Model/NSDate+NVTimeAgo.m"; sourceTree = "<group>"; };
		B683D62A17F4D2C700156C6A /* icon_home.png */ = {isa = PBXFileReference; lastKnownFileType = image.png; path = icon_home.png; sourceTree = "<group>"; };
		B683D62C17F4D37E00156C6A /* profile_icon.png */ = {isa = PBXFileReference; lastKnownFileType = image.png; path = profile_icon.png; sourceTree = "<group>"; };
		B683D62E17F4D5AB00156C6A /* compose_icon.png */ = {isa = PBXFileReference; lastKnownFileType = image.png; path = compose_icon.png; sourceTree = "<group>"; };
		B683D63017F5745A00156C6A /* default-avatar.png */ = {isa = PBXFileReference; lastKnownFileType = image.png; path = "default-avatar.png"; sourceTree = "<group>"; };
		B683D63217F5752D00156C6A /* default-wall.jpg */ = {isa = PBXFileReference; lastKnownFileType = image.jpeg; path = "default-wall.jpg"; sourceTree = "<group>"; };
		B68D679117E04E710087CD1A /* TweetsAppDelegate.xcdatamodel */ = {isa = PBXFileReference; lastKnownFileType = wrapper.xcdatamodel; path = TweetsAppDelegate.xcdatamodel; sourceTree = "<group>"; };
		B68D67A017E053270087CD1A /* Tweet+create.h */ = {isa = PBXFileReference; fileEncoding = 4; lastKnownFileType = sourcecode.c.h; name = "Tweet+create.h"; path = "Core Data/Tweet+create.h"; sourceTree = "<group>"; };
		B68D67A117E053270087CD1A /* Tweet+create.m */ = {isa = PBXFileReference; fileEncoding = 4; lastKnownFileType = sourcecode.c.objc; name = "Tweet+create.m"; path = "Core Data/Tweet+create.m"; sourceTree = "<group>"; };
		B68D67A317E054D00087CD1A /* CoreData.framework */ = {isa = PBXFileReference; lastKnownFileType = wrapper.framework; name = CoreData.framework; path = System/Library/Frameworks/CoreData.framework; sourceTree = SDKROOT; };
		B68D67A517E05B790087CD1A /* User+Create.h */ = {isa = PBXFileReference; fileEncoding = 4; lastKnownFileType = sourcecode.c.h; name = "User+Create.h"; path = "Core Data/User+Create.h"; sourceTree = "<group>"; };
		B68D67A617E05B790087CD1A /* User+Create.m */ = {isa = PBXFileReference; fileEncoding = 4; lastKnownFileType = sourcecode.c.objc; name = "User+Create.m"; path = "Core Data/User+Create.m"; sourceTree = "<group>"; };
		B68D67A817E05EA50087CD1A /* CoreDataTableViewController.h */ = {isa = PBXFileReference; fileEncoding = 4; lastKnownFileType = sourcecode.c.h; path = CoreDataTableViewController.h; sourceTree = "<group>"; };
		B68D67A917E05EA50087CD1A /* CoreDataTableViewController.m */ = {isa = PBXFileReference; fileEncoding = 4; lastKnownFileType = sourcecode.c.objc; path = CoreDataTableViewController.m; sourceTree = "<group>"; };
		B69F1BBB17DBA3B700C81DB9 /* TwitterMini.app */ = {isa = PBXFileReference; explicitFileType = wrapper.application; includeInIndex = 0; path = TwitterMini.app; sourceTree = BUILT_PRODUCTS_DIR; };
		B69F1BBE17DBA3B700C81DB9 /* UIKit.framework */ = {isa = PBXFileReference; lastKnownFileType = wrapper.framework; name = UIKit.framework; path = System/Library/Frameworks/UIKit.framework; sourceTree = SDKROOT; };
		B69F1BC017DBA3B700C81DB9 /* Foundation.framework */ = {isa = PBXFileReference; lastKnownFileType = wrapper.framework; name = Foundation.framework; path = System/Library/Frameworks/Foundation.framework; sourceTree = SDKROOT; };
		B69F1BC217DBA3B700C81DB9 /* CoreGraphics.framework */ = {isa = PBXFileReference; lastKnownFileType = wrapper.framework; name = CoreGraphics.framework; path = System/Library/Frameworks/CoreGraphics.framework; sourceTree = SDKROOT; };
		B69F1BC617DBA3B700C81DB9 /* TwitterMini-Info.plist */ = {isa = PBXFileReference; lastKnownFileType = text.plist.xml; path = "TwitterMini-Info.plist"; sourceTree = "<group>"; };
		B69F1BC817DBA3B700C81DB9 /* en */ = {isa = PBXFileReference; lastKnownFileType = text.plist.strings; name = en; path = en.lproj/InfoPlist.strings; sourceTree = "<group>"; };
		B69F1BCA17DBA3B700C81DB9 /* main.m */ = {isa = PBXFileReference; lastKnownFileType = sourcecode.c.objc; path = main.m; sourceTree = "<group>"; };
		B69F1BCC17DBA3B700C81DB9 /* TwitterMini-Prefix.pch */ = {isa = PBXFileReference; lastKnownFileType = sourcecode.c.h; path = "TwitterMini-Prefix.pch"; sourceTree = "<group>"; };
		B69F1BCD17DBA3B700C81DB9 /* TweetsAppDelegate.h */ = {isa = PBXFileReference; lastKnownFileType = sourcecode.c.h; path = TweetsAppDelegate.h; sourceTree = "<group>"; };
		B69F1BCE17DBA3B700C81DB9 /* TweetsAppDelegate.m */ = {isa = PBXFileReference; lastKnownFileType = sourcecode.c.objc; path = TweetsAppDelegate.m; sourceTree = "<group>"; };
		B69F1BD017DBA3B700C81DB9 /* Default.png */ = {isa = PBXFileReference; lastKnownFileType = image.png; path = Default.png; sourceTree = "<group>"; };
		B69F1BD217DBA3B700C81DB9 /* Default@2x.png */ = {isa = PBXFileReference; lastKnownFileType = image.png; path = "Default@2x.png"; sourceTree = "<group>"; };
		B69F1BD417DBA3B700C81DB9 /* Default-568h@2x.png */ = {isa = PBXFileReference; lastKnownFileType = image.png; path = "Default-568h@2x.png"; sourceTree = "<group>"; };
		B69F1BD717DBA3B700C81DB9 /* en */ = {isa = PBXFileReference; lastKnownFileType = file.storyboard; name = en; path = en.lproj/MainStoryboard.storyboard; sourceTree = "<group>"; };
		B69F1BE517DBA67100C81DB9 /* Social.framework */ = {isa = PBXFileReference; lastKnownFileType = wrapper.framework; name = Social.framework; path = System/Library/Frameworks/Social.framework; sourceTree = SDKROOT; };
		B69F1BE717DBA67F00C81DB9 /* Accounts.framework */ = {isa = PBXFileReference; lastKnownFileType = wrapper.framework; name = Accounts.framework; path = System/Library/Frameworks/Accounts.framework; sourceTree = SDKROOT; };
		B69F1BEE17DC9E4300C81DB9 /* TweetsCell.h */ = {isa = PBXFileReference; fileEncoding = 4; lastKnownFileType = sourcecode.c.h; name = TweetsCell.h; path = views/TweetsCell.h; sourceTree = "<group>"; };
		B69F1BEF17DC9E4300C81DB9 /* TweetsCell.m */ = {isa = PBXFileReference; fileEncoding = 4; lastKnownFileType = sourcecode.c.objc; name = TweetsCell.m; path = views/TweetsCell.m; sourceTree = "<group>"; };
		B6DA346F1803FB5000AEB9BF /* Tweet.h */ = {isa = PBXFileReference; fileEncoding = 4; lastKnownFileType = sourcecode.c.h; name = Tweet.h; path = "Core Data/Tweet.h"; sourceTree = "<group>"; };
		B6DA34701803FB5000AEB9BF /* Tweet.m */ = {isa = PBXFileReference; fileEncoding = 4; lastKnownFileType = sourcecode.c.objc; name = Tweet.m; path = "Core Data/Tweet.m"; sourceTree = "<group>"; };
		B6DA34721803FB5000AEB9BF /* User.h */ = {isa = PBXFileReference; fileEncoding = 4; lastKnownFileType = sourcecode.c.h; name = User.h; path = "Core Data/User.h"; sourceTree = "<group>"; };
		B6DA34731803FB5000AEB9BF /* User.m */ = {isa = PBXFileReference; fileEncoding = 4; lastKnownFileType = sourcecode.c.objc; name = User.m; path = "Core Data/User.m"; sourceTree = "<group>"; };
		B6EE877A180325030006684A /* ApiInterface.h */ = {isa = PBXFileReference; fileEncoding = 4; lastKnownFileType = sourcecode.c.h; name = ApiInterface.h; path = TwitterApi/ApiInterface.h; sourceTree = "<group>"; };
		B6EE877B180325030006684A /* ApiInterface.m */ = {isa = PBXFileReference; fileEncoding = 4; lastKnownFileType = sourcecode.c.objc; name = ApiInterface.m; path = TwitterApi/ApiInterface.m; sourceTree = "<group>"; };
		B6EE877D180325CD0006684A /* Constants.h */ = {isa = PBXFileReference; fileEncoding = 4; lastKnownFileType = sourcecode.c.h; path = Constants.h; sourceTree = "<group>"; };
		B6EE877F180327060006684A /* TweetObject.h */ = {isa = PBXFileReference; fileEncoding = 4; lastKnownFileType = sourcecode.c.h; name = TweetObject.h; path = Model/TweetObject.h; sourceTree = "<group>"; };
		B6EE8780180327060006684A /* TweetObject.m */ = {isa = PBXFileReference; fileEncoding = 4; lastKnownFileType = sourcecode.c.objc; name = TweetObject.m; path = Model/TweetObject.m; sourceTree = "<group>"; };
		B6EE8782180327B10006684A /* UserObject.h */ = {isa = PBXFileReference; fileEncoding = 4; lastKnownFileType = sourcecode.c.h; name = UserObject.h; path = Model/UserObject.h; sourceTree = "<group>"; };
		B6EE8783180327B10006684A /* UserObject.m */ = {isa = PBXFileReference; fileEncoding = 4; lastKnownFileType = sourcecode.c.objc; name = UserObject.m; path = Model/UserObject.m; sourceTree = "<group>"; };
		B6EE9DBB17E3001300D3F287 /* SelfTweetsCDTVC.h */ = {isa = PBXFileReference; fileEncoding = 4; lastKnownFileType = sourcecode.c.h; path = SelfTweetsCDTVC.h; sourceTree = "<group>"; };
		B6EE9DBC17E3001300D3F287 /* SelfTweetsCDTVC.m */ = {isa = PBXFileReference; fileEncoding = 4; lastKnownFileType = sourcecode.c.objc; lineEnding = 0; path = SelfTweetsCDTVC.m; sourceTree = "<group>"; xcLanguageSpecificationIdentifier = xcode.lang.objc; };
		B6EE9DBE17E30ACD00D3F287 /* HomeTweetsCDTVC.h */ = {isa = PBXFileReference; fileEncoding = 4; lastKnownFileType = sourcecode.c.h; path = HomeTweetsCDTVC.h; sourceTree = "<group>"; };
		B6EE9DBF17E30ACD00D3F287 /* HomeTweetsCDTVC.m */ = {isa = PBXFileReference; fileEncoding = 4; lastKnownFileType = sourcecode.c.objc; lineEnding = 0; path = HomeTweetsCDTVC.m; sourceTree = "<group>"; xcLanguageSpecificationIdentifier = xcode.lang.objc; };
		B6EE9DC317E314AF00D3F287 /* TweetCell.xib */ = {isa = PBXFileReference; fileEncoding = 4; lastKnownFileType = file.xib; name = TweetCell.xib; path = ../TweetCell.xib; sourceTree = "<group>"; };
		B6FD5CC717FD54AA00809500 /* ApiManager.h */ = {isa = PBXFileReference; fileEncoding = 4; lastKnownFileType = sourcecode.c.h; name = ApiManager.h; path = TwitterApi/ApiManager.h; sourceTree = "<group>"; };
		B6FD5CC817FD54AA00809500 /* ApiManager.m */ = {isa = PBXFileReference; fileEncoding = 4; lastKnownFileType = sourcecode.c.objc; name = ApiManager.m; path = TwitterApi/ApiManager.m; sourceTree = "<group>"; };
		B6FD5CCB17FD5A0200809500 /* AFHTTPRequestOperation.h */ = {isa = PBXFileReference; fileEncoding = 4; lastKnownFileType = sourcecode.c.h; path = AFHTTPRequestOperation.h; sourceTree = "<group>"; };
		B6FD5CCC17FD5A0200809500 /* AFHTTPRequestOperation.m */ = {isa = PBXFileReference; fileEncoding = 4; lastKnownFileType = sourcecode.c.objc; path = AFHTTPRequestOperation.m; sourceTree = "<group>"; };
		B6FD5CCD17FD5A0200809500 /* AFHTTPRequestOperationManager.h */ = {isa = PBXFileReference; fileEncoding = 4; lastKnownFileType = sourcecode.c.h; path = AFHTTPRequestOperationManager.h; sourceTree = "<group>"; };
		B6FD5CCE17FD5A0200809500 /* AFHTTPRequestOperationManager.m */ = {isa = PBXFileReference; fileEncoding = 4; lastKnownFileType = sourcecode.c.objc; path = AFHTTPRequestOperationManager.m; sourceTree = "<group>"; };
		B6FD5CCF17FD5A0200809500 /* AFHTTPSessionManager.h */ = {isa = PBXFileReference; fileEncoding = 4; lastKnownFileType = sourcecode.c.h; path = AFHTTPSessionManager.h; sourceTree = "<group>"; };
		B6FD5CD017FD5A0200809500 /* AFHTTPSessionManager.m */ = {isa = PBXFileReference; fileEncoding = 4; lastKnownFileType = sourcecode.c.objc; path = AFHTTPSessionManager.m; sourceTree = "<group>"; };
		B6FD5CD117FD5A0200809500 /* AFNetworking.h */ = {isa = PBXFileReference; fileEncoding = 4; lastKnownFileType = sourcecode.c.h; path = AFNetworking.h; sourceTree = "<group>"; };
		B6FD5CD217FD5A0200809500 /* AFNetworkReachabilityManager.h */ = {isa = PBXFileReference; fileEncoding = 4; lastKnownFileType = sourcecode.c.h; path = AFNetworkReachabilityManager.h; sourceTree = "<group>"; };
		B6FD5CD317FD5A0200809500 /* AFNetworkReachabilityManager.m */ = {isa = PBXFileReference; fileEncoding = 4; lastKnownFileType = sourcecode.c.objc; path = AFNetworkReachabilityManager.m; sourceTree = "<group>"; };
		B6FD5CD417FD5A0200809500 /* AFSecurityPolicy.h */ = {isa = PBXFileReference; fileEncoding = 4; lastKnownFileType = sourcecode.c.h; path = AFSecurityPolicy.h; sourceTree = "<group>"; };
		B6FD5CD517FD5A0200809500 /* AFSecurityPolicy.m */ = {isa = PBXFileReference; fileEncoding = 4; lastKnownFileType = sourcecode.c.objc; path = AFSecurityPolicy.m; sourceTree = "<group>"; };
		B6FD5CD617FD5A0200809500 /* AFURLConnectionOperation.h */ = {isa = PBXFileReference; fileEncoding = 4; lastKnownFileType = sourcecode.c.h; path = AFURLConnectionOperation.h; sourceTree = "<group>"; };
		B6FD5CD717FD5A0200809500 /* AFURLConnectionOperation.m */ = {isa = PBXFileReference; fileEncoding = 4; lastKnownFileType = sourcecode.c.objc; path = AFURLConnectionOperation.m; sourceTree = "<group>"; };
		B6FD5CD817FD5A0200809500 /* AFURLRequestSerialization.h */ = {isa = PBXFileReference; fileEncoding = 4; lastKnownFileType = sourcecode.c.h; path = AFURLRequestSerialization.h; sourceTree = "<group>"; };
		B6FD5CD917FD5A0200809500 /* AFURLRequestSerialization.m */ = {isa = PBXFileReference; fileEncoding = 4; lastKnownFileType = sourcecode.c.objc; path = AFURLRequestSerialization.m; sourceTree = "<group>"; };
		B6FD5CDA17FD5A0200809500 /* AFURLResponseSerialization.h */ = {isa = PBXFileReference; fileEncoding = 4; lastKnownFileType = sourcecode.c.h; path = AFURLResponseSerialization.h; sourceTree = "<group>"; };
		B6FD5CDB17FD5A0200809500 /* AFURLResponseSerialization.m */ = {isa = PBXFileReference; fileEncoding = 4; lastKnownFileType = sourcecode.c.objc; path = AFURLResponseSerialization.m; sourceTree = "<group>"; };
		B6FD5CDC17FD5A0200809500 /* AFURLSessionManager.h */ = {isa = PBXFileReference; fileEncoding = 4; lastKnownFileType = sourcecode.c.h; path = AFURLSessionManager.h; sourceTree = "<group>"; };
		B6FD5CDD17FD5A0200809500 /* AFURLSessionManager.m */ = {isa = PBXFileReference; fileEncoding = 4; lastKnownFileType = sourcecode.c.objc; path = AFURLSessionManager.m; sourceTree = "<group>"; };
		B6FD5CE717FD76D200809500 /* Security.framework */ = {isa = PBXFileReference; lastKnownFileType = wrapper.framework; name = Security.framework; path = System/Library/Frameworks/Security.framework; sourceTree = SDKROOT; };
		B6FD5CE917FD76F300809500 /* MobileCoreServices.framework */ = {isa = PBXFileReference; lastKnownFileType = wrapper.framework; name = MobileCoreServices.framework; path = System/Library/Frameworks/MobileCoreServices.framework; sourceTree = SDKROOT; };
/* End PBXFileReference section */

/* Begin PBXFrameworksBuildPhase section */
		B69F1BB817DBA3B700C81DB9 /* Frameworks */ = {
			isa = PBXFrameworksBuildPhase;
			buildActionMask = 2147483647;
			files = (
				B6FD5CEA17FD76F300809500 /* MobileCoreServices.framework in Frameworks */,
				B625C79517E754B6007775F2 /* SystemConfiguration.framework in Frameworks */,
				B6FD5CE817FD76D200809500 /* Security.framework in Frameworks */,
				B68D67AB17E065E70087CD1A /* CoreData.framework in Frameworks */,
				B69F1BE817DBA67F00C81DB9 /* Accounts.framework in Frameworks */,
				B69F1BE617DBA67100C81DB9 /* Social.framework in Frameworks */,
				B69F1BBF17DBA3B700C81DB9 /* UIKit.framework in Frameworks */,
				B69F1BC117DBA3B700C81DB9 /* Foundation.framework in Frameworks */,
				B69F1BC317DBA3B700C81DB9 /* CoreGraphics.framework in Frameworks */,
			);
			runOnlyForDeploymentPostprocessing = 0;
		};
/* End PBXFrameworksBuildPhase section */

/* Begin PBXGroup section */
		B66A19A017E1AAE80066A841 /* view controllers */ = {
			isa = PBXGroup;
			children = (
				B686BE5417F5848800D4D873 /* UsersControllers */,
				B686BE5317F5842500D4D873 /* TweetsControllers */,
				B686BE5517F5873100D4D873 /* Utils */,
				B617452417F07FDE00DB038C /* TweetCreatorViewController.h */,
				B617452517F07FDE00DB038C /* TweetCreatorViewController.m */,
				B62A8A8F17F30A5800117751 /* ProfileTVC.h */,
				B62A8A9017F30A5800117751 /* ProfileTVC.m */,
				B67C92C1180442020023A0AB /* LoginViewController.h */,
				B67C92C2180442020023A0AB /* LoginViewController.m */,
			);
			name = "view controllers";
			sourceTree = "<group>";
		};
		B686BE5317F5842500D4D873 /* TweetsControllers */ = {
			isa = PBXGroup;
			children = (
				B6158E6C17E0894A0047A30F /* TweetsCDTVC.h */,
				B6158E6D17E0894A0047A30F /* TweetsCDTVC.m */,
				B6EE9DBB17E3001300D3F287 /* SelfTweetsCDTVC.h */,
				B6EE9DBC17E3001300D3F287 /* SelfTweetsCDTVC.m */,
				B6EE9DBE17E30ACD00D3F287 /* HomeTweetsCDTVC.h */,
				B6EE9DBF17E30ACD00D3F287 /* HomeTweetsCDTVC.m */,
				B66D2B9917EAF22D0097A64E /* SingleTweetViewController.h */,
				B66D2B9A17EAF22D0097A64E /* SingleTweetViewController.m */,
			);
			name = TweetsControllers;
			sourceTree = "<group>";
		};
		B686BE5417F5848800D4D873 /* UsersControllers */ = {
			isa = PBXGroup;
			children = (
				B62A8A8B17F30A3E00117751 /* UsersCDTVC.h */,
				B62A8A8C17F30A3E00117751 /* UsersCDTVC.m */,
			);
			name = UsersControllers;
			sourceTree = "<group>";
		};
		B686BE5517F5873100D4D873 /* Utils */ = {
			isa = PBXGroup;
			children = (
				B66D2B9C17EAFA2B0097A64E /* Util.h */,
				B66D2B9D17EAFA2B0097A64E /* Util.m */,
			);
			name = Utils;
			sourceTree = "<group>";
		};
		B68D679F17E052CE0087CD1A /* Core Data */ = {
			isa = PBXGroup;
			children = (
				B68D67A817E05EA50087CD1A /* CoreDataTableViewController.h */,
				B68D67A917E05EA50087CD1A /* CoreDataTableViewController.m */,
				B68D679017E04E710087CD1A /* TweetsAppDelegate.xcdatamodeld */,
				B6DA34721803FB5000AEB9BF /* User.h */,
				B6DA34731803FB5000AEB9BF /* User.m */,
				B6DA346F1803FB5000AEB9BF /* Tweet.h */,
				B6DA34701803FB5000AEB9BF /* Tweet.m */,
				B68D67A017E053270087CD1A /* Tweet+create.h */,
				B68D67A117E053270087CD1A /* Tweet+create.m */,
				B68D67A517E05B790087CD1A /* User+Create.h */,
				B68D67A617E05B790087CD1A /* User+Create.m */,
			);
			name = "Core Data";
			sourceTree = "<group>";
		};
		B69F1BB217DBA3B700C81DB9 = {
			isa = PBXGroup;
			children = (
				B69F1BC417DBA3B700C81DB9 /* TwitterMini */,
				B69F1BBD17DBA3B700C81DB9 /* Frameworks */,
				B69F1BBC17DBA3B700C81DB9 /* Products */,
			);
			sourceTree = "<group>";
		};
		B69F1BBC17DBA3B700C81DB9 /* Products */ = {
			isa = PBXGroup;
			children = (
				B69F1BBB17DBA3B700C81DB9 /* TwitterMini.app */,
			);
			name = Products;
			sourceTree = "<group>";
		};
		B69F1BBD17DBA3B700C81DB9 /* Frameworks */ = {
			isa = PBXGroup;
			children = (
				B6FD5CE917FD76F300809500 /* MobileCoreServices.framework */,
				B6FD5CE717FD76D200809500 /* Security.framework */,
				B625C79417E754B6007775F2 /* SystemConfiguration.framework */,
				B68D67A317E054D00087CD1A /* CoreData.framework */,
				B69F1BE717DBA67F00C81DB9 /* Accounts.framework */,
				B69F1BE517DBA67100C81DB9 /* Social.framework */,
				B69F1BBE17DBA3B700C81DB9 /* UIKit.framework */,
				B69F1BC017DBA3B700C81DB9 /* Foundation.framework */,
				B69F1BC217DBA3B700C81DB9 /* CoreGraphics.framework */,
			);
			name = Frameworks;
			sourceTree = "<group>";
		};
		B69F1BC417DBA3B700C81DB9 /* TwitterMini */ = {
			isa = PBXGroup;
			children = (
				B6EE877E180326D20006684A /* Model */,
				B6FD5CCA17FD5A0200809500 /* AFNetworking */,
				B6EE9DB417E21DA000D3F287 /* Resources */,
				B69F1BC517DBA3B700C81DB9 /* Supporting Files */,
				B66A19A017E1AAE80066A841 /* view controllers */,
				B69F1BEA17DC96F100C81DB9 /* views */,
				B69F1BE117DBA3DE00C81DB9 /* TwitterApi */,
				B69F1BD617DBA3B700C81DB9 /* MainStoryboard.storyboard */,
				B68D679F17E052CE0087CD1A /* Core Data */,
				B625C7D717E9E4F6007775F2 /* ThreadManager.h */,
				B625C7D817E9E4F7007775F2 /* ThreadManager.m */,
				B6C217D217F3813D00E53748 /* Model */,
			);
			path = TwitterMini;
			sourceTree = "<group>";
		};
		B69F1BC517DBA3B700C81DB9 /* Supporting Files */ = {
			isa = PBXGroup;
			children = (
				B69F1BCD17DBA3B700C81DB9 /* TweetsAppDelegate.h */,
				B69F1BCE17DBA3B700C81DB9 /* TweetsAppDelegate.m */,
				B69F1BC617DBA3B700C81DB9 /* TwitterMini-Info.plist */,
				B69F1BC717DBA3B700C81DB9 /* InfoPlist.strings */,
				B69F1BCA17DBA3B700C81DB9 /* main.m */,
				B69F1BCC17DBA3B700C81DB9 /* TwitterMini-Prefix.pch */,
				B69F1BD017DBA3B700C81DB9 /* Default.png */,
				B69F1BD217DBA3B700C81DB9 /* Default@2x.png */,
				B69F1BD417DBA3B700C81DB9 /* Default-568h@2x.png */,
			);
			name = "Supporting Files";
			sourceTree = "<group>";
		};
		B69F1BE117DBA3DE00C81DB9 /* TwitterApi */ = {
			isa = PBXGroup;
			children = (
				B625C79D17E756BA007775F2 /* FHSTwitterEngine.h */,
				B625C79E17E756BA007775F2 /* FHSTwitterEngine.m */,
				B6FD5CC717FD54AA00809500 /* ApiManager.h */,
				B6FD5CC817FD54AA00809500 /* ApiManager.m */,
				B6EE877D180325CD0006684A /* Constants.h */,
			);
			name = TwitterApi;
			sourceTree = "<group>";
		};
		B69F1BEA17DC96F100C81DB9 /* views */ = {
			isa = PBXGroup;
			children = (
				B6EE9DC317E314AF00D3F287 /* TweetCell.xib */,
				B69F1BEE17DC9E4300C81DB9 /* TweetsCell.h */,
				B69F1BEF17DC9E4300C81DB9 /* TweetsCell.m */,
			);
			name = views;
			sourceTree = "<group>";
		};
		B6C217D217F3813D00E53748 /* Model */ = {
			isa = PBXGroup;
			children = (
				B62A8A9A17F313F900117751 /* UserProfileManager.h */,
				B62A8A9B17F313F900117751 /* UserProfileManager.m */,
			);
			name = Model;
			sourceTree = "<group>";
		};
		B6EE877E180326D20006684A /* Model */ = {
			isa = PBXGroup;
			children = (
				B67C92CE18049A4E0023A0AB /* NSDate+NVTimeAgo.h */,
				B67C92CF18049A4E0023A0AB /* NSDate+NVTimeAgo.m */,
				B6EE877A180325030006684A /* ApiInterface.h */,
				B6EE877B180325030006684A /* ApiInterface.m */,
				B6EE877F180327060006684A /* TweetObject.h */,
				B6EE8780180327060006684A /* TweetObject.m */,
				B6EE8782180327B10006684A /* UserObject.h */,
				B6EE8783180327B10006684A /* UserObject.m */,
			);
			name = Model;
			sourceTree = "<group>";
		};
		B6EE9DB417E21DA000D3F287 /* Resources */ = {
			isa = PBXGroup;
			children = (
				B67C92C418044F980023A0AB /* splash.png */,
				B67C92C6180490620023A0AB /* appIcon.png */,
				B683D62A17F4D2C700156C6A /* icon_home.png */,
				B683D63017F5745A00156C6A /* default-avatar.png */,
				B683D62E17F4D5AB00156C6A /* compose_icon.png */,
				B683D63217F5752D00156C6A /* default-wall.jpg */,
				B683D62C17F4D37E00156C6A /* profile_icon.png */,
			);
			name = Resources;
			sourceTree = "<group>";
		};
		B6FD5CCA17FD5A0200809500 /* AFNetworking */ = {
			isa = PBXGroup;
			children = (
				B6FD5CCB17FD5A0200809500 /* AFHTTPRequestOperation.h */,
				B6FD5CCC17FD5A0200809500 /* AFHTTPRequestOperation.m */,
				B6FD5CCD17FD5A0200809500 /* AFHTTPRequestOperationManager.h */,
				B6FD5CCE17FD5A0200809500 /* AFHTTPRequestOperationManager.m */,
				B6FD5CCF17FD5A0200809500 /* AFHTTPSessionManager.h */,
				B6FD5CD017FD5A0200809500 /* AFHTTPSessionManager.m */,
				B6FD5CD117FD5A0200809500 /* AFNetworking.h */,
				B6FD5CD217FD5A0200809500 /* AFNetworkReachabilityManager.h */,
				B6FD5CD317FD5A0200809500 /* AFNetworkReachabilityManager.m */,
				B6FD5CD417FD5A0200809500 /* AFSecurityPolicy.h */,
				B6FD5CD517FD5A0200809500 /* AFSecurityPolicy.m */,
				B6FD5CD617FD5A0200809500 /* AFURLConnectionOperation.h */,
				B6FD5CD717FD5A0200809500 /* AFURLConnectionOperation.m */,
				B6FD5CD817FD5A0200809500 /* AFURLRequestSerialization.h */,
				B6FD5CD917FD5A0200809500 /* AFURLRequestSerialization.m */,
				B6FD5CDA17FD5A0200809500 /* AFURLResponseSerialization.h */,
				B6FD5CDB17FD5A0200809500 /* AFURLResponseSerialization.m */,
				B6FD5CDC17FD5A0200809500 /* AFURLSessionManager.h */,
				B6FD5CDD17FD5A0200809500 /* AFURLSessionManager.m */,
			);
			path = AFNetworking;
			sourceTree = "<group>";
		};
/* End PBXGroup section */

/* Begin PBXNativeTarget section */
		B69F1BBA17DBA3B700C81DB9 /* TwitterMini */ = {
			isa = PBXNativeTarget;
			buildConfigurationList = B69F1BDE17DBA3B700C81DB9 /* Build configuration list for PBXNativeTarget "TwitterMini" */;
			buildPhases = (
				B69F1BB717DBA3B700C81DB9 /* Sources */,
				B69F1BB817DBA3B700C81DB9 /* Frameworks */,
				B69F1BB917DBA3B700C81DB9 /* Resources */,
			);
			buildRules = (
			);
			dependencies = (
			);
			name = TwitterMini;
			productName = TwitterMini;
			productReference = B69F1BBB17DBA3B700C81DB9 /* TwitterMini.app */;
			productType = "com.apple.product-type.application";
		};
/* End PBXNativeTarget section */

/* Begin PBXProject section */
		B69F1BB317DBA3B700C81DB9 /* Project object */ = {
			isa = PBXProject;
			attributes = {
				CLASSPREFIX = Tweets;
				LastUpgradeCheck = 0460;
				ORGANIZATIONNAME = directi;
				TargetAttributes = {
					B69F1BBA17DBA3B700C81DB9 = {
						DevelopmentTeam = B4X8EQS24E;
					};
				};
			};
			buildConfigurationList = B69F1BB617DBA3B700C81DB9 /* Build configuration list for PBXProject "TwitterMini" */;
			compatibilityVersion = "Xcode 3.2";
			developmentRegion = English;
			hasScannedForEncodings = 0;
			knownRegions = (
				en,
			);
			mainGroup = B69F1BB217DBA3B700C81DB9;
			productRefGroup = B69F1BBC17DBA3B700C81DB9 /* Products */;
			projectDirPath = "";
			projectRoot = "";
			targets = (
				B69F1BBA17DBA3B700C81DB9 /* TwitterMini */,
			);
		};
/* End PBXProject section */

/* Begin PBXResourcesBuildPhase section */
		B69F1BB917DBA3B700C81DB9 /* Resources */ = {
			isa = PBXResourcesBuildPhase;
			buildActionMask = 2147483647;
			files = (
				B69F1BC917DBA3B700C81DB9 /* InfoPlist.strings in Resources */,
				B69F1BD117DBA3B700C81DB9 /* Default.png in Resources */,
				B69F1BD317DBA3B700C81DB9 /* Default@2x.png in Resources */,
				B69F1BD517DBA3B700C81DB9 /* Default-568h@2x.png in Resources */,
				B67C92C518044F980023A0AB /* splash.png in Resources */,
				B69F1BD817DBA3B700C81DB9 /* MainStoryboard.storyboard in Resources */,
				B6EE9DC417E314AF00D3F287 /* TweetCell.xib in Resources */,
				B683D62B17F4D2C700156C6A /* icon_home.png in Resources */,
				B683D62D17F4D37E00156C6A /* profile_icon.png in Resources */,
				B683D62F17F4D5AB00156C6A /* compose_icon.png in Resources */,
				B683D63117F5745A00156C6A /* default-avatar.png in Resources */,
				B67C92C7180490620023A0AB /* appIcon.png in Resources */,
				B683D63317F5752D00156C6A /* default-wall.jpg in Resources */,
			);
			runOnlyForDeploymentPostprocessing = 0;
		};
/* End PBXResourcesBuildPhase section */

/* Begin PBXSourcesBuildPhase section */
		B69F1BB717DBA3B700C81DB9 /* Sources */ = {
			isa = PBXSourcesBuildPhase;
			buildActionMask = 2147483647;
			files = (
				B6FD5CE317FD5A0200809500 /* AFURLConnectionOperation.m in Sources */,
				B69F1BCB17DBA3B700C81DB9 /* main.m in Sources */,
				B69F1BCF17DBA3B700C81DB9 /* TweetsAppDelegate.m in Sources */,
				B6FD5CDE17FD5A0200809500 /* AFHTTPRequestOperation.m in Sources */,
				B6EE8784180327B10006684A /* UserObject.m in Sources */,
				B6FD5CE517FD5A0200809500 /* AFURLResponseSerialization.m in Sources */,
				B69F1BF017DC9E4300C81DB9 /* TweetsCell.m in Sources */,
				B67C92D018049A4E0023A0AB /* NSDate+NVTimeAgo.m in Sources */,
				B68D679217E04E710087CD1A /* TweetsAppDelegate.xcdatamodeld in Sources */,
				B68D67A217E053270087CD1A /* Tweet+create.m in Sources */,
				B68D67A717E05B790087CD1A /* User+Create.m in Sources */,
				B62A8A9317F30AA300117751 /* UsersCDTVC.m in Sources */,
				B68D67AA17E05EA50087CD1A /* CoreDataTableViewController.m in Sources */,
				B6FD5CC917FD54AA00809500 /* ApiManager.m in Sources */,
				B6FD5CE217FD5A0200809500 /* AFSecurityPolicy.m in Sources */,
				B6FD5CE617FD5A0200809500 /* AFURLSessionManager.m in Sources */,
				B6158E6E17E0894A0047A30F /* TweetsCDTVC.m in Sources */,
				B62A8A9217F30A9400117751 /* ProfileTVC.m in Sources */,
				B6DA34741803FB5000AEB9BF /* User.m in Sources */,
				B6FD5CE017FD5A0200809500 /* AFHTTPSessionManager.m in Sources */,
				B6FD5CE117FD5A0200809500 /* AFNetworkReachabilityManager.m in Sources */,
				B6EE9DBD17E3001300D3F287 /* SelfTweetsCDTVC.m in Sources */,
				B6EE877C180325030006684A /* ApiInterface.m in Sources */,
				B6FD5CDF17FD5A0200809500 /* AFHTTPRequestOperationManager.m in Sources */,
				B6FD5CE417FD5A0200809500 /* AFURLRequestSerialization.m in Sources */,
				B67C92C3180442020023A0AB /* LoginViewController.m in Sources */,
				B6EE9DC017E30ACD00D3F287 /* HomeTweetsCDTVC.m in Sources */,
				B625C79F17E756BA007775F2 /* FHSTwitterEngine.m in Sources */,
				B625C7D917E9E4F8007775F2 /* ThreadManager.m in Sources */,
				B66D2B9B17EAF22D0097A64E /* SingleTweetViewController.m in Sources */,
				B6DA34711803FB5000AEB9BF /* Tweet.m in Sources */,
				B6EE8781180327060006684A /* TweetObject.m in Sources */,
				B66D2B9E17EAFA2B0097A64E /* Util.m in Sources */,
				B617452617F07FDE00DB038C /* TweetCreatorViewController.m in Sources */,
				B62A8A9C17F313F900117751 /* UserProfileManager.m in Sources */,
			);
			runOnlyForDeploymentPostprocessing = 0;
		};
/* End PBXSourcesBuildPhase section */

/* Begin PBXVariantGroup section */
		B69F1BC717DBA3B700C81DB9 /* InfoPlist.strings */ = {
			isa = PBXVariantGroup;
			children = (
				B69F1BC817DBA3B700C81DB9 /* en */,
			);
			name = InfoPlist.strings;
			sourceTree = "<group>";
		};
		B69F1BD617DBA3B700C81DB9 /* MainStoryboard.storyboard */ = {
			isa = PBXVariantGroup;
			children = (
				B69F1BD717DBA3B700C81DB9 /* en */,
			);
			name = MainStoryboard.storyboard;
			sourceTree = "<group>";
		};
/* End PBXVariantGroup section */

/* Begin XCBuildConfiguration section */
		B69F1BDC17DBA3B700C81DB9 /* Debug */ = {
			isa = XCBuildConfiguration;
			buildSettings = {
				ALWAYS_SEARCH_USER_PATHS = NO;
				CLANG_CXX_LANGUAGE_STANDARD = "gnu++0x";
				CLANG_CXX_LIBRARY = "libc++";
				CLANG_ENABLE_OBJC_ARC = YES;
				CLANG_WARN_CONSTANT_CONVERSION = YES;
				CLANG_WARN_EMPTY_BODY = YES;
				CLANG_WARN_ENUM_CONVERSION = YES;
				CLANG_WARN_INT_CONVERSION = YES;
				CLANG_WARN__DUPLICATE_METHOD_MATCH = YES;
				"CODE_SIGN_IDENTITY[sdk=iphoneos*]" = "iPhone Developer";
				COPY_PHASE_STRIP = NO;
				GCC_C_LANGUAGE_STANDARD = gnu99;
				GCC_DYNAMIC_NO_PIC = NO;
				GCC_OPTIMIZATION_LEVEL = 0;
				GCC_PREPROCESSOR_DEFINITIONS = (
					"DEBUG=1",
					"$(inherited)",
				);
				GCC_SYMBOLS_PRIVATE_EXTERN = NO;
				GCC_WARN_ABOUT_RETURN_TYPE = YES;
				GCC_WARN_UNINITIALIZED_AUTOS = YES;
				GCC_WARN_UNUSED_VARIABLE = YES;
				IPHONEOS_DEPLOYMENT_TARGET = 6.1;
				ONLY_ACTIVE_ARCH = YES;
				SDKROOT = iphoneos;
			};
			name = Debug;
		};
		B69F1BDD17DBA3B700C81DB9 /* Release */ = {
			isa = XCBuildConfiguration;
			buildSettings = {
				ALWAYS_SEARCH_USER_PATHS = NO;
				CLANG_CXX_LANGUAGE_STANDARD = "gnu++0x";
				CLANG_CXX_LIBRARY = "libc++";
				CLANG_ENABLE_OBJC_ARC = YES;
				CLANG_WARN_CONSTANT_CONVERSION = YES;
				CLANG_WARN_EMPTY_BODY = YES;
				CLANG_WARN_ENUM_CONVERSION = YES;
				CLANG_WARN_INT_CONVERSION = YES;
				CLANG_WARN__DUPLICATE_METHOD_MATCH = YES;
				"CODE_SIGN_IDENTITY[sdk=iphoneos*]" = "iPhone Developer";
				COPY_PHASE_STRIP = YES;
				GCC_C_LANGUAGE_STANDARD = gnu99;
				GCC_WARN_ABOUT_RETURN_TYPE = YES;
				GCC_WARN_UNINITIALIZED_AUTOS = YES;
				GCC_WARN_UNUSED_VARIABLE = YES;
				IPHONEOS_DEPLOYMENT_TARGET = 6.1;
				OTHER_CFLAGS = "-DNS_BLOCK_ASSERTIONS=1";
				SDKROOT = iphoneos;
				VALIDATE_PRODUCT = YES;
			};
			name = Release;
		};
		B69F1BDF17DBA3B700C81DB9 /* Debug */ = {
			isa = XCBuildConfiguration;
			buildSettings = {
				CODE_SIGN_IDENTITY = "iPhone Developer";
				"CODE_SIGN_IDENTITY[sdk=iphoneos*]" = "iPhone Developer";
				GCC_PRECOMPILE_PREFIX_HEADER = YES;
				GCC_PREFIX_HEADER = "TwitterMini/TwitterMini-Prefix.pch";
				INFOPLIST_FILE = "TwitterMini/TwitterMini-Info.plist";
				PRODUCT_NAME = "$(TARGET_NAME)";
				PROVISIONING_PROFILE = "";
				WRAPPER_EXTENSION = app;
			};
			name = Debug;
		};
		B69F1BE017DBA3B700C81DB9 /* Release */ = {
			isa = XCBuildConfiguration;
			buildSettings = {
				CODE_SIGN_IDENTITY = "iPhone Developer";
				"CODE_SIGN_IDENTITY[sdk=iphoneos*]" = "iPhone Developer";
				GCC_PRECOMPILE_PREFIX_HEADER = YES;
				GCC_PREFIX_HEADER = "TwitterMini/TwitterMini-Prefix.pch";
				INFOPLIST_FILE = "TwitterMini/TwitterMini-Info.plist";
				PRODUCT_NAME = "$(TARGET_NAME)";
				PROVISIONING_PROFILE = "";
				WRAPPER_EXTENSION = app;
			};
			name = Release;
		};
/* End XCBuildConfiguration section */

/* Begin XCConfigurationList section */
		B69F1BB617DBA3B700C81DB9 /* Build configuration list for PBXProject "TwitterMini" */ = {
			isa = XCConfigurationList;
			buildConfigurations = (
				B69F1BDC17DBA3B700C81DB9 /* Debug */,
				B69F1BDD17DBA3B700C81DB9 /* Release */,
			);
			defaultConfigurationIsVisible = 0;
			defaultConfigurationName = Release;
		};
		B69F1BDE17DBA3B700C81DB9 /* Build configuration list for PBXNativeTarget "TwitterMini" */ = {
			isa = XCConfigurationList;
			buildConfigurations = (
				B69F1BDF17DBA3B700C81DB9 /* Debug */,
				B69F1BE017DBA3B700C81DB9 /* Release */,
			);
			defaultConfigurationIsVisible = 0;
			defaultConfigurationName = Release;
		};
/* End XCConfigurationList section */

/* Begin XCVersionGroup section */
		B68D679017E04E710087CD1A /* TweetsAppDelegate.xcdatamodeld */ = {
			isa = XCVersionGroup;
			children = (
				B68D679117E04E710087CD1A /* TweetsAppDelegate.xcdatamodel */,
			);
			currentVersion = B68D679117E04E710087CD1A /* TweetsAppDelegate.xcdatamodel */;
			name = TweetsAppDelegate.xcdatamodeld;
			path = "Core Data/TweetsAppDelegate.xcdatamodeld";
			sourceTree = "<group>";
			versionGroupType = wrapper.xcdatamodel;
		};
/* End XCVersionGroup section */
	};
	rootObject = B69F1BB317DBA3B700C81DB9 /* Project object */;
}
